// !$*UTF8*$!
{
	archiveVersion = 1;
	classes = {
	};
	objectVersion = 56;
	objects = {

/* Begin PBXBuildFile section */
		012BA176E046CB39D0B8324C /* Pods_CICDTest_CICDTestUITests.framework in Frameworks */ = {isa = PBXBuildFile; fileRef = 0960C2D6E83F3708A1FA82C9 /* Pods_CICDTest_CICDTestUITests.framework */; };
		589D560412F78E3C4B88648C /* Pods_CICDTest.framework in Frameworks */ = {isa = PBXBuildFile; fileRef = F07F2B29951BA08F32C40ACF /* Pods_CICDTest.framework */; };
		D7288E7250AB0344FB8EC7D1 /* Pods_CICDTestTests.framework in Frameworks */ = {isa = PBXBuildFile; fileRef = 7B0E6D1A0FCF9A854F606D5B /* Pods_CICDTestTests.framework */; };
		FFC3CCF92C5210960010756B /* CICDTestApp.swift in Sources */ = {isa = PBXBuildFile; fileRef = FFC3CCF82C5210960010756B /* CICDTestApp.swift */; };
		FFC3CCFB2C5210960010756B /* ContentView.swift in Sources */ = {isa = PBXBuildFile; fileRef = FFC3CCFA2C5210960010756B /* ContentView.swift */; };
		FFC3CCFD2C5210980010756B /* Assets.xcassets in Resources */ = {isa = PBXBuildFile; fileRef = FFC3CCFC2C5210980010756B /* Assets.xcassets */; };
		FFC3CD002C5210980010756B /* Preview Assets.xcassets in Resources */ = {isa = PBXBuildFile; fileRef = FFC3CCFF2C5210980010756B /* Preview Assets.xcassets */; };
		FFC3CD0A2C5210980010756B /* CICDTestTests.swift in Sources */ = {isa = PBXBuildFile; fileRef = FFC3CD092C5210980010756B /* CICDTestTests.swift */; };
		FFC3CD142C5210980010756B /* CICDTestUITests.swift in Sources */ = {isa = PBXBuildFile; fileRef = FFC3CD132C5210980010756B /* CICDTestUITests.swift */; };
		FFC3CD162C5210980010756B /* CICDTestUITestsLaunchTests.swift in Sources */ = {isa = PBXBuildFile; fileRef = FFC3CD152C5210980010756B /* CICDTestUITestsLaunchTests.swift */; };
/* End PBXBuildFile section */

/* Begin PBXContainerItemProxy section */
		FFC3CD062C5210980010756B /* PBXContainerItemProxy */ = {
			isa = PBXContainerItemProxy;
			containerPortal = FFC3CCED2C5210950010756B /* Project object */;
			proxyType = 1;
			remoteGlobalIDString = FFC3CCF42C5210950010756B;
			remoteInfo = CICDTest;
		};
		FFC3CD102C5210980010756B /* PBXContainerItemProxy */ = {
			isa = PBXContainerItemProxy;
			containerPortal = FFC3CCED2C5210950010756B /* Project object */;
			proxyType = 1;
			remoteGlobalIDString = FFC3CCF42C5210950010756B;
			remoteInfo = CICDTest;
		};
/* End PBXContainerItemProxy section */

/* Begin PBXFileReference section */
		02F3B1A6CA54CB1D2637A2AE /* Pods-CICDTestTests.debug.xcconfig */ = {isa = PBXFileReference; includeInIndex = 1; lastKnownFileType = text.xcconfig; name = "Pods-CICDTestTests.debug.xcconfig"; path = "Target Support Files/Pods-CICDTestTests/Pods-CICDTestTests.debug.xcconfig"; sourceTree = "<group>"; };
		0960C2D6E83F3708A1FA82C9 /* Pods_CICDTest_CICDTestUITests.framework */ = {isa = PBXFileReference; explicitFileType = wrapper.framework; includeInIndex = 0; path = Pods_CICDTest_CICDTestUITests.framework; sourceTree = BUILT_PRODUCTS_DIR; };
		1435EB27B1AA6E731CBB082C /* Pods-CICDTest-CICDTestUITests.release.xcconfig */ = {isa = PBXFileReference; includeInIndex = 1; lastKnownFileType = text.xcconfig; name = "Pods-CICDTest-CICDTestUITests.release.xcconfig"; path = "Target Support Files/Pods-CICDTest-CICDTestUITests/Pods-CICDTest-CICDTestUITests.release.xcconfig"; sourceTree = "<group>"; };
		2D2EAF96DDCC2F32ABD5C2A6 /* Pods-CICDTestTests.release.xcconfig */ = {isa = PBXFileReference; includeInIndex = 1; lastKnownFileType = text.xcconfig; name = "Pods-CICDTestTests.release.xcconfig"; path = "Target Support Files/Pods-CICDTestTests/Pods-CICDTestTests.release.xcconfig"; sourceTree = "<group>"; };
		57BA1EF8C67B3814B8502264 /* Pods-CICDTest.debug.xcconfig */ = {isa = PBXFileReference; includeInIndex = 1; lastKnownFileType = text.xcconfig; name = "Pods-CICDTest.debug.xcconfig"; path = "Target Support Files/Pods-CICDTest/Pods-CICDTest.debug.xcconfig"; sourceTree = "<group>"; };
		7B0E6D1A0FCF9A854F606D5B /* Pods_CICDTestTests.framework */ = {isa = PBXFileReference; explicitFileType = wrapper.framework; includeInIndex = 0; path = Pods_CICDTestTests.framework; sourceTree = BUILT_PRODUCTS_DIR; };
		F07F2B29951BA08F32C40ACF /* Pods_CICDTest.framework */ = {isa = PBXFileReference; explicitFileType = wrapper.framework; includeInIndex = 0; path = Pods_CICDTest.framework; sourceTree = BUILT_PRODUCTS_DIR; };
		F416D5B666B94C3083F6BBF0 /* Pods-CICDTest-CICDTestUITests.debug.xcconfig */ = {isa = PBXFileReference; includeInIndex = 1; lastKnownFileType = text.xcconfig; name = "Pods-CICDTest-CICDTestUITests.debug.xcconfig"; path = "Target Support Files/Pods-CICDTest-CICDTestUITests/Pods-CICDTest-CICDTestUITests.debug.xcconfig"; sourceTree = "<group>"; };
		F7BFFCBD5EB29D3292BB26D0 /* Pods-CICDTest.release.xcconfig */ = {isa = PBXFileReference; includeInIndex = 1; lastKnownFileType = text.xcconfig; name = "Pods-CICDTest.release.xcconfig"; path = "Target Support Files/Pods-CICDTest/Pods-CICDTest.release.xcconfig"; sourceTree = "<group>"; };
		FFC3CCF52C5210960010756B /* CICDTest.app */ = {isa = PBXFileReference; explicitFileType = wrapper.application; includeInIndex = 0; path = CICDTest.app; sourceTree = BUILT_PRODUCTS_DIR; };
		FFC3CCF82C5210960010756B /* CICDTestApp.swift */ = {isa = PBXFileReference; lastKnownFileType = sourcecode.swift; path = CICDTestApp.swift; sourceTree = "<group>"; };
		FFC3CCFA2C5210960010756B /* ContentView.swift */ = {isa = PBXFileReference; lastKnownFileType = sourcecode.swift; path = ContentView.swift; sourceTree = "<group>"; };
		FFC3CCFC2C5210980010756B /* Assets.xcassets */ = {isa = PBXFileReference; lastKnownFileType = folder.assetcatalog; path = Assets.xcassets; sourceTree = "<group>"; };
		FFC3CCFF2C5210980010756B /* Preview Assets.xcassets */ = {isa = PBXFileReference; lastKnownFileType = folder.assetcatalog; path = "Preview Assets.xcassets"; sourceTree = "<group>"; };
		FFC3CD052C5210980010756B /* CICDTestTests.xctest */ = {isa = PBXFileReference; explicitFileType = wrapper.cfbundle; includeInIndex = 0; path = CICDTestTests.xctest; sourceTree = BUILT_PRODUCTS_DIR; };
		FFC3CD092C5210980010756B /* CICDTestTests.swift */ = {isa = PBXFileReference; lastKnownFileType = sourcecode.swift; path = CICDTestTests.swift; sourceTree = "<group>"; };
		FFC3CD0F2C5210980010756B /* CICDTestUITests.xctest */ = {isa = PBXFileReference; explicitFileType = wrapper.cfbundle; includeInIndex = 0; path = CICDTestUITests.xctest; sourceTree = BUILT_PRODUCTS_DIR; };
		FFC3CD132C5210980010756B /* CICDTestUITests.swift */ = {isa = PBXFileReference; lastKnownFileType = sourcecode.swift; path = CICDTestUITests.swift; sourceTree = "<group>"; };
		FFC3CD152C5210980010756B /* CICDTestUITestsLaunchTests.swift */ = {isa = PBXFileReference; lastKnownFileType = sourcecode.swift; path = CICDTestUITestsLaunchTests.swift; sourceTree = "<group>"; };
/* End PBXFileReference section */

/* Begin PBXFrameworksBuildPhase section */
		FFC3CCF22C5210950010756B /* Frameworks */ = {
			isa = PBXFrameworksBuildPhase;
			buildActionMask = 2147483647;
			files = (
				589D560412F78E3C4B88648C /* Pods_CICDTest.framework in Frameworks */,
			);
			runOnlyForDeploymentPostprocessing = 0;
		};
		FFC3CD022C5210980010756B /* Frameworks */ = {
			isa = PBXFrameworksBuildPhase;
			buildActionMask = 2147483647;
			files = (
				D7288E7250AB0344FB8EC7D1 /* Pods_CICDTestTests.framework in Frameworks */,
			);
			runOnlyForDeploymentPostprocessing = 0;
		};
		FFC3CD0C2C5210980010756B /* Frameworks */ = {
			isa = PBXFrameworksBuildPhase;
			buildActionMask = 2147483647;
			files = (
				012BA176E046CB39D0B8324C /* Pods_CICDTest_CICDTestUITests.framework in Frameworks */,
			);
			runOnlyForDeploymentPostprocessing = 0;
		};
/* End PBXFrameworksBuildPhase section */

/* Begin PBXGroup section */
		0D87B4848D8F19716F0C6009 /* Frameworks */ = {
			isa = PBXGroup;
			children = (
				F07F2B29951BA08F32C40ACF /* Pods_CICDTest.framework */,
				0960C2D6E83F3708A1FA82C9 /* Pods_CICDTest_CICDTestUITests.framework */,
				7B0E6D1A0FCF9A854F606D5B /* Pods_CICDTestTests.framework */,
			);
			name = Frameworks;
			sourceTree = "<group>";
		};
		5DD97BD635BCBDC0650C39BD /* Pods */ = {
			isa = PBXGroup;
			children = (
				57BA1EF8C67B3814B8502264 /* Pods-CICDTest.debug.xcconfig */,
				F7BFFCBD5EB29D3292BB26D0 /* Pods-CICDTest.release.xcconfig */,
				F416D5B666B94C3083F6BBF0 /* Pods-CICDTest-CICDTestUITests.debug.xcconfig */,
				1435EB27B1AA6E731CBB082C /* Pods-CICDTest-CICDTestUITests.release.xcconfig */,
				02F3B1A6CA54CB1D2637A2AE /* Pods-CICDTestTests.debug.xcconfig */,
				2D2EAF96DDCC2F32ABD5C2A6 /* Pods-CICDTestTests.release.xcconfig */,
			);
			name = Pods;
			path = Pods;
			sourceTree = "<group>";
		};
		FFC3CCEC2C5210950010756B = {
			isa = PBXGroup;
			children = (
				FFC3CCF72C5210960010756B /* CICDTest */,
				FFC3CD082C5210980010756B /* CICDTestTests */,
				FFC3CD122C5210980010756B /* CICDTestUITests */,
				FFC3CCF62C5210960010756B /* Products */,
				5DD97BD635BCBDC0650C39BD /* Pods */,
				0D87B4848D8F19716F0C6009 /* Frameworks */,
			);
			sourceTree = "<group>";
		};
		FFC3CCF62C5210960010756B /* Products */ = {
			isa = PBXGroup;
			children = (
				FFC3CCF52C5210960010756B /* CICDTest.app */,
				FFC3CD052C5210980010756B /* CICDTestTests.xctest */,
				FFC3CD0F2C5210980010756B /* CICDTestUITests.xctest */,
			);
			name = Products;
			sourceTree = "<group>";
		};
		FFC3CCF72C5210960010756B /* CICDTest */ = {
			isa = PBXGroup;
			children = (
				FFC3CCF82C5210960010756B /* CICDTestApp.swift */,
				FFC3CCFA2C5210960010756B /* ContentView.swift */,
				FFC3CCFC2C5210980010756B /* Assets.xcassets */,
				FFC3CCFE2C5210980010756B /* Preview Content */,
			);
			path = CICDTest;
			sourceTree = "<group>";
		};
		FFC3CCFE2C5210980010756B /* Preview Content */ = {
			isa = PBXGroup;
			children = (
				FFC3CCFF2C5210980010756B /* Preview Assets.xcassets */,
			);
			path = "Preview Content";
			sourceTree = "<group>";
		};
		FFC3CD082C5210980010756B /* CICDTestTests */ = {
			isa = PBXGroup;
			children = (
				FFC3CD092C5210980010756B /* CICDTestTests.swift */,
			);
			path = CICDTestTests;
			sourceTree = "<group>";
		};
		FFC3CD122C5210980010756B /* CICDTestUITests */ = {
			isa = PBXGroup;
			children = (
				FFC3CD132C5210980010756B /* CICDTestUITests.swift */,
				FFC3CD152C5210980010756B /* CICDTestUITestsLaunchTests.swift */,
			);
			path = CICDTestUITests;
			sourceTree = "<group>";
		};
/* End PBXGroup section */

/* Begin PBXNativeTarget section */
		FFC3CCF42C5210950010756B /* CICDTest */ = {
			isa = PBXNativeTarget;
			buildConfigurationList = FFC3CD192C5210980010756B /* Build configuration list for PBXNativeTarget "CICDTest" */;
			buildPhases = (
				BEEEC04CC599656317883016 /* [CP] Check Pods Manifest.lock */,
				FFC3CCF12C5210950010756B /* Sources */,
				FFC3CCF22C5210950010756B /* Frameworks */,
				FFC3CCF32C5210950010756B /* Resources */,
				3229FD1B925E14EBBE56A542 /* [CP] Copy Pods Resources */,
			);
			buildRules = (
			);
			dependencies = (
			);
			name = CICDTest;
			productName = CICDTest;
			productReference = FFC3CCF52C5210960010756B /* CICDTest.app */;
			productType = "com.apple.product-type.application";
		};
		FFC3CD042C5210980010756B /* CICDTestTests */ = {
			isa = PBXNativeTarget;
			buildConfigurationList = FFC3CD1C2C5210980010756B /* Build configuration list for PBXNativeTarget "CICDTestTests" */;
			buildPhases = (
				CD3C1871D27A8806C1FEAC6B /* [CP] Check Pods Manifest.lock */,
				FFC3CD012C5210980010756B /* Sources */,
				FFC3CD022C5210980010756B /* Frameworks */,
				FFC3CD032C5210980010756B /* Resources */,
			);
			buildRules = (
			);
			dependencies = (
				FFC3CD072C5210980010756B /* PBXTargetDependency */,
			);
			name = CICDTestTests;
			productName = CICDTestTests;
			productReference = FFC3CD052C5210980010756B /* CICDTestTests.xctest */;
			productType = "com.apple.product-type.bundle.unit-test";
		};
		FFC3CD0E2C5210980010756B /* CICDTestUITests */ = {
			isa = PBXNativeTarget;
			buildConfigurationList = FFC3CD1F2C5210980010756B /* Build configuration list for PBXNativeTarget "CICDTestUITests" */;
			buildPhases = (
				162BE5DCC44C8723DBF1BCE0 /* [CP] Check Pods Manifest.lock */,
				FFC3CD0B2C5210980010756B /* Sources */,
				FFC3CD0C2C5210980010756B /* Frameworks */,
				FFC3CD0D2C5210980010756B /* Resources */,
				96F46E769606C4A4BC0C06BD /* [CP] Copy Pods Resources */,
			);
			buildRules = (
			);
			dependencies = (
				FFC3CD112C5210980010756B /* PBXTargetDependency */,
			);
			name = CICDTestUITests;
			productName = CICDTestUITests;
			productReference = FFC3CD0F2C5210980010756B /* CICDTestUITests.xctest */;
			productType = "com.apple.product-type.bundle.ui-testing";
		};
/* End PBXNativeTarget section */

/* Begin PBXProject section */
		FFC3CCED2C5210950010756B /* Project object */ = {
			isa = PBXProject;
			attributes = {
				BuildIndependentTargetsInParallel = 1;
				LastSwiftUpdateCheck = 1520;
				LastUpgradeCheck = 1520;
				TargetAttributes = {
					FFC3CCF42C5210950010756B = {
						CreatedOnToolsVersion = 15.2;
					};
					FFC3CD042C5210980010756B = {
						CreatedOnToolsVersion = 15.2;
						TestTargetID = FFC3CCF42C5210950010756B;
					};
					FFC3CD0E2C5210980010756B = {
						CreatedOnToolsVersion = 15.2;
						TestTargetID = FFC3CCF42C5210950010756B;
					};
				};
			};
			buildConfigurationList = FFC3CCF02C5210950010756B /* Build configuration list for PBXProject "CICDTest" */;
			compatibilityVersion = "Xcode 14.0";
			developmentRegion = en;
			hasScannedForEncodings = 0;
			knownRegions = (
				en,
				Base,
			);
			mainGroup = FFC3CCEC2C5210950010756B;
			productRefGroup = FFC3CCF62C5210960010756B /* Products */;
			projectDirPath = "";
			projectRoot = "";
			targets = (
				FFC3CCF42C5210950010756B /* CICDTest */,
				FFC3CD042C5210980010756B /* CICDTestTests */,
				FFC3CD0E2C5210980010756B /* CICDTestUITests */,
			);
		};
/* End PBXProject section */

/* Begin PBXResourcesBuildPhase section */
		FFC3CCF32C5210950010756B /* Resources */ = {
			isa = PBXResourcesBuildPhase;
			buildActionMask = 2147483647;
			files = (
				FFC3CD002C5210980010756B /* Preview Assets.xcassets in Resources */,
				FFC3CCFD2C5210980010756B /* Assets.xcassets in Resources */,
			);
			runOnlyForDeploymentPostprocessing = 0;
		};
		FFC3CD032C5210980010756B /* Resources */ = {
			isa = PBXResourcesBuildPhase;
			buildActionMask = 2147483647;
			files = (
			);
			runOnlyForDeploymentPostprocessing = 0;
		};
		FFC3CD0D2C5210980010756B /* Resources */ = {
			isa = PBXResourcesBuildPhase;
			buildActionMask = 2147483647;
			files = (
			);
			runOnlyForDeploymentPostprocessing = 0;
		};
/* End PBXResourcesBuildPhase section */

/* Begin PBXShellScriptBuildPhase section */
		162BE5DCC44C8723DBF1BCE0 /* [CP] Check Pods Manifest.lock */ = {
			isa = PBXShellScriptBuildPhase;
			buildActionMask = 2147483647;
			files = (
			);
			inputFileListPaths = (
			);
			inputPaths = (
				"${PODS_PODFILE_DIR_PATH}/Podfile.lock",
				"${PODS_ROOT}/Manifest.lock",
			);
			name = "[CP] Check Pods Manifest.lock";
			outputFileListPaths = (
			);
			outputPaths = (
				"$(DERIVED_FILE_DIR)/Pods-CICDTest-CICDTestUITests-checkManifestLockResult.txt",
			);
			runOnlyForDeploymentPostprocessing = 0;
			shellPath = /bin/sh;
			shellScript = "diff \"${PODS_PODFILE_DIR_PATH}/Podfile.lock\" \"${PODS_ROOT}/Manifest.lock\" > /dev/null\nif [ $? != 0 ] ; then\n    # print error to STDERR\n    echo \"error: The sandbox is not in sync with the Podfile.lock. Run 'pod install' or update your CocoaPods installation.\" >&2\n    exit 1\nfi\n# This output is used by Xcode 'outputs' to avoid re-running this script phase.\necho \"SUCCESS\" > \"${SCRIPT_OUTPUT_FILE_0}\"\n";
			showEnvVarsInLog = 0;
		};
		3229FD1B925E14EBBE56A542 /* [CP] Copy Pods Resources */ = {
			isa = PBXShellScriptBuildPhase;
			buildActionMask = 2147483647;
			files = (
			);
			inputFileListPaths = (
				"${PODS_ROOT}/Target Support Files/Pods-CICDTest/Pods-CICDTest-resources-${CONFIGURATION}-input-files.xcfilelist",
			);
			name = "[CP] Copy Pods Resources";
			outputFileListPaths = (
				"${PODS_ROOT}/Target Support Files/Pods-CICDTest/Pods-CICDTest-resources-${CONFIGURATION}-output-files.xcfilelist",
			);
			runOnlyForDeploymentPostprocessing = 0;
			shellPath = /bin/sh;
			shellScript = "\"${PODS_ROOT}/Target Support Files/Pods-CICDTest/Pods-CICDTest-resources.sh\"\n";
			showEnvVarsInLog = 0;
		};
		96F46E769606C4A4BC0C06BD /* [CP] Copy Pods Resources */ = {
			isa = PBXShellScriptBuildPhase;
			buildActionMask = 2147483647;
			files = (
			);
			inputFileListPaths = (
				"${PODS_ROOT}/Target Support Files/Pods-CICDTest-CICDTestUITests/Pods-CICDTest-CICDTestUITests-resources-${CONFIGURATION}-input-files.xcfilelist",
			);
			name = "[CP] Copy Pods Resources";
			outputFileListPaths = (
				"${PODS_ROOT}/Target Support Files/Pods-CICDTest-CICDTestUITests/Pods-CICDTest-CICDTestUITests-resources-${CONFIGURATION}-output-files.xcfilelist",
			);
			runOnlyForDeploymentPostprocessing = 0;
			shellPath = /bin/sh;
			shellScript = "\"${PODS_ROOT}/Target Support Files/Pods-CICDTest-CICDTestUITests/Pods-CICDTest-CICDTestUITests-resources.sh\"\n";
			showEnvVarsInLog = 0;
		};
		BEEEC04CC599656317883016 /* [CP] Check Pods Manifest.lock */ = {
			isa = PBXShellScriptBuildPhase;
			buildActionMask = 2147483647;
			files = (
			);
			inputFileListPaths = (
			);
			inputPaths = (
				"${PODS_PODFILE_DIR_PATH}/Podfile.lock",
				"${PODS_ROOT}/Manifest.lock",
			);
			name = "[CP] Check Pods Manifest.lock";
			outputFileListPaths = (
			);
			outputPaths = (
				"$(DERIVED_FILE_DIR)/Pods-CICDTest-checkManifestLockResult.txt",
			);
			runOnlyForDeploymentPostprocessing = 0;
			shellPath = /bin/sh;
			shellScript = "diff \"${PODS_PODFILE_DIR_PATH}/Podfile.lock\" \"${PODS_ROOT}/Manifest.lock\" > /dev/null\nif [ $? != 0 ] ; then\n    # print error to STDERR\n    echo \"error: The sandbox is not in sync with the Podfile.lock. Run 'pod install' or update your CocoaPods installation.\" >&2\n    exit 1\nfi\n# This output is used by Xcode 'outputs' to avoid re-running this script phase.\necho \"SUCCESS\" > \"${SCRIPT_OUTPUT_FILE_0}\"\n";
			showEnvVarsInLog = 0;
		};
		CD3C1871D27A8806C1FEAC6B /* [CP] Check Pods Manifest.lock */ = {
			isa = PBXShellScriptBuildPhase;
			buildActionMask = 2147483647;
			files = (
			);
			inputFileListPaths = (
			);
			inputPaths = (
				"${PODS_PODFILE_DIR_PATH}/Podfile.lock",
				"${PODS_ROOT}/Manifest.lock",
			);
			name = "[CP] Check Pods Manifest.lock";
			outputFileListPaths = (
			);
			outputPaths = (
				"$(DERIVED_FILE_DIR)/Pods-CICDTestTests-checkManifestLockResult.txt",
			);
			runOnlyForDeploymentPostprocessing = 0;
			shellPath = /bin/sh;
			shellScript = "diff \"${PODS_PODFILE_DIR_PATH}/Podfile.lock\" \"${PODS_ROOT}/Manifest.lock\" > /dev/null\nif [ $? != 0 ] ; then\n    # print error to STDERR\n    echo \"error: The sandbox is not in sync with the Podfile.lock. Run 'pod install' or update your CocoaPods installation.\" >&2\n    exit 1\nfi\n# This output is used by Xcode 'outputs' to avoid re-running this script phase.\necho \"SUCCESS\" > \"${SCRIPT_OUTPUT_FILE_0}\"\n";
			showEnvVarsInLog = 0;
		};
/* End PBXShellScriptBuildPhase section */

/* Begin PBXSourcesBuildPhase section */
		FFC3CCF12C5210950010756B /* Sources */ = {
			isa = PBXSourcesBuildPhase;
			buildActionMask = 2147483647;
			files = (
				FFC3CCFB2C5210960010756B /* ContentView.swift in Sources */,
				FFC3CCF92C5210960010756B /* CICDTestApp.swift in Sources */,
			);
			runOnlyForDeploymentPostprocessing = 0;
		};
		FFC3CD012C5210980010756B /* Sources */ = {
			isa = PBXSourcesBuildPhase;
			buildActionMask = 2147483647;
			files = (
				FFC3CD0A2C5210980010756B /* CICDTestTests.swift in Sources */,
			);
			runOnlyForDeploymentPostprocessing = 0;
		};
		FFC3CD0B2C5210980010756B /* Sources */ = {
			isa = PBXSourcesBuildPhase;
			buildActionMask = 2147483647;
			files = (
				FFC3CD162C5210980010756B /* CICDTestUITestsLaunchTests.swift in Sources */,
				FFC3CD142C5210980010756B /* CICDTestUITests.swift in Sources */,
			);
			runOnlyForDeploymentPostprocessing = 0;
		};
/* End PBXSourcesBuildPhase section */

/* Begin PBXTargetDependency section */
		FFC3CD072C5210980010756B /* PBXTargetDependency */ = {
			isa = PBXTargetDependency;
			target = FFC3CCF42C5210950010756B /* CICDTest */;
			targetProxy = FFC3CD062C5210980010756B /* PBXContainerItemProxy */;
		};
		FFC3CD112C5210980010756B /* PBXTargetDependency */ = {
			isa = PBXTargetDependency;
			target = FFC3CCF42C5210950010756B /* CICDTest */;
			targetProxy = FFC3CD102C5210980010756B /* PBXContainerItemProxy */;
		};
/* End PBXTargetDependency section */

/* Begin XCBuildConfiguration section */
		FFC3CD172C5210980010756B /* Debug */ = {
			isa = XCBuildConfiguration;
			buildSettings = {
				ALWAYS_SEARCH_USER_PATHS = NO;
				ASSETCATALOG_COMPILER_GENERATE_SWIFT_ASSET_SYMBOL_EXTENSIONS = YES;
				CLANG_ANALYZER_NONNULL = YES;
				CLANG_ANALYZER_NUMBER_OBJECT_CONVERSION = YES_AGGRESSIVE;
				CLANG_CXX_LANGUAGE_STANDARD = "gnu++20";
				CLANG_ENABLE_MODULES = YES;
				CLANG_ENABLE_OBJC_ARC = YES;
				CLANG_ENABLE_OBJC_WEAK = YES;
				CLANG_WARN_BLOCK_CAPTURE_AUTORELEASING = YES;
				CLANG_WARN_BOOL_CONVERSION = YES;
				CLANG_WARN_COMMA = YES;
				CLANG_WARN_CONSTANT_CONVERSION = YES;
				CLANG_WARN_DEPRECATED_OBJC_IMPLEMENTATIONS = YES;
				CLANG_WARN_DIRECT_OBJC_ISA_USAGE = YES_ERROR;
				CLANG_WARN_DOCUMENTATION_COMMENTS = YES;
				CLANG_WARN_EMPTY_BODY = YES;
				CLANG_WARN_ENUM_CONVERSION = YES;
				CLANG_WARN_INFINITE_RECURSION = YES;
				CLANG_WARN_INT_CONVERSION = YES;
				CLANG_WARN_NON_LITERAL_NULL_CONVERSION = YES;
				CLANG_WARN_OBJC_IMPLICIT_RETAIN_SELF = YES;
				CLANG_WARN_OBJC_LITERAL_CONVERSION = YES;
				CLANG_WARN_OBJC_ROOT_CLASS = YES_ERROR;
				CLANG_WARN_QUOTED_INCLUDE_IN_FRAMEWORK_HEADER = YES;
				CLANG_WARN_RANGE_LOOP_ANALYSIS = YES;
				CLANG_WARN_STRICT_PROTOTYPES = YES;
				CLANG_WARN_SUSPICIOUS_MOVE = YES;
				CLANG_WARN_UNGUARDED_AVAILABILITY = YES_AGGRESSIVE;
				CLANG_WARN_UNREACHABLE_CODE = YES;
				CLANG_WARN__DUPLICATE_METHOD_MATCH = YES;
				COPY_PHASE_STRIP = NO;
				DEBUG_INFORMATION_FORMAT = dwarf;
				ENABLE_STRICT_OBJC_MSGSEND = YES;
				ENABLE_TESTABILITY = YES;
				ENABLE_USER_SCRIPT_SANDBOXING = YES;
				GCC_C_LANGUAGE_STANDARD = gnu17;
				GCC_DYNAMIC_NO_PIC = NO;
				GCC_NO_COMMON_BLOCKS = YES;
				GCC_OPTIMIZATION_LEVEL = 0;
				GCC_PREPROCESSOR_DEFINITIONS = (
					"DEBUG=1",
					"$(inherited)",
				);
				GCC_WARN_64_TO_32_BIT_CONVERSION = YES;
				GCC_WARN_ABOUT_RETURN_TYPE = YES_ERROR;
				GCC_WARN_UNDECLARED_SELECTOR = YES;
				GCC_WARN_UNINITIALIZED_AUTOS = YES_AGGRESSIVE;
				GCC_WARN_UNUSED_FUNCTION = YES;
				GCC_WARN_UNUSED_VARIABLE = YES;
				IPHONEOS_DEPLOYMENT_TARGET = 17.2;
				LOCALIZATION_PREFERS_STRING_CATALOGS = YES;
				MTL_ENABLE_DEBUG_INFO = INCLUDE_SOURCE;
				MTL_FAST_MATH = YES;
				ONLY_ACTIVE_ARCH = YES;
				SDKROOT = iphoneos;
				SWIFT_ACTIVE_COMPILATION_CONDITIONS = "DEBUG $(inherited)";
				SWIFT_OPTIMIZATION_LEVEL = "-Onone";
			};
			name = Debug;
		};
		FFC3CD182C5210980010756B /* Release */ = {
			isa = XCBuildConfiguration;
			buildSettings = {
				ALWAYS_SEARCH_USER_PATHS = NO;
				ASSETCATALOG_COMPILER_GENERATE_SWIFT_ASSET_SYMBOL_EXTENSIONS = YES;
				CLANG_ANALYZER_NONNULL = YES;
				CLANG_ANALYZER_NUMBER_OBJECT_CONVERSION = YES_AGGRESSIVE;
				CLANG_CXX_LANGUAGE_STANDARD = "gnu++20";
				CLANG_ENABLE_MODULES = YES;
				CLANG_ENABLE_OBJC_ARC = YES;
				CLANG_ENABLE_OBJC_WEAK = YES;
				CLANG_WARN_BLOCK_CAPTURE_AUTORELEASING = YES;
				CLANG_WARN_BOOL_CONVERSION = YES;
				CLANG_WARN_COMMA = YES;
				CLANG_WARN_CONSTANT_CONVERSION = YES;
				CLANG_WARN_DEPRECATED_OBJC_IMPLEMENTATIONS = YES;
				CLANG_WARN_DIRECT_OBJC_ISA_USAGE = YES_ERROR;
				CLANG_WARN_DOCUMENTATION_COMMENTS = YES;
				CLANG_WARN_EMPTY_BODY = YES;
				CLANG_WARN_ENUM_CONVERSION = YES;
				CLANG_WARN_INFINITE_RECURSION = YES;
				CLANG_WARN_INT_CONVERSION = YES;
				CLANG_WARN_NON_LITERAL_NULL_CONVERSION = YES;
				CLANG_WARN_OBJC_IMPLICIT_RETAIN_SELF = YES;
				CLANG_WARN_OBJC_LITERAL_CONVERSION = YES;
				CLANG_WARN_OBJC_ROOT_CLASS = YES_ERROR;
				CLANG_WARN_QUOTED_INCLUDE_IN_FRAMEWORK_HEADER = YES;
				CLANG_WARN_RANGE_LOOP_ANALYSIS = YES;
				CLANG_WARN_STRICT_PROTOTYPES = YES;
				CLANG_WARN_SUSPICIOUS_MOVE = YES;
				CLANG_WARN_UNGUARDED_AVAILABILITY = YES_AGGRESSIVE;
				CLANG_WARN_UNREACHABLE_CODE = YES;
				CLANG_WARN__DUPLICATE_METHOD_MATCH = YES;
				COPY_PHASE_STRIP = NO;
				DEBUG_INFORMATION_FORMAT = "dwarf-with-dsym";
				ENABLE_NS_ASSERTIONS = NO;
				ENABLE_STRICT_OBJC_MSGSEND = YES;
				ENABLE_USER_SCRIPT_SANDBOXING = YES;
				GCC_C_LANGUAGE_STANDARD = gnu17;
				GCC_NO_COMMON_BLOCKS = YES;
				GCC_WARN_64_TO_32_BIT_CONVERSION = YES;
				GCC_WARN_ABOUT_RETURN_TYPE = YES_ERROR;
				GCC_WARN_UNDECLARED_SELECTOR = YES;
				GCC_WARN_UNINITIALIZED_AUTOS = YES_AGGRESSIVE;
				GCC_WARN_UNUSED_FUNCTION = YES;
				GCC_WARN_UNUSED_VARIABLE = YES;
				IPHONEOS_DEPLOYMENT_TARGET = 17.2;
				LOCALIZATION_PREFERS_STRING_CATALOGS = YES;
				MTL_ENABLE_DEBUG_INFO = NO;
				MTL_FAST_MATH = YES;
				SDKROOT = iphoneos;
				SWIFT_COMPILATION_MODE = wholemodule;
				VALIDATE_PRODUCT = YES;
			};
			name = Release;
		};
		FFC3CD1A2C5210980010756B /* Debug */ = {
			isa = XCBuildConfiguration;
			baseConfigurationReference = 57BA1EF8C67B3814B8502264 /* Pods-CICDTest.debug.xcconfig */;
			buildSettings = {
				ASSETCATALOG_COMPILER_APPICON_NAME = AppIcon;
				ASSETCATALOG_COMPILER_GLOBAL_ACCENT_COLOR_NAME = AccentColor;
				CODE_SIGN_STYLE = Automatic;
				CURRENT_PROJECT_VERSION = 1;
				DEVELOPMENT_ASSET_PATHS = "\"CICDTest/Preview Content\"";
				ENABLE_PREVIEWS = YES;
				GENERATE_INFOPLIST_FILE = YES;
				INFOPLIST_KEY_UIApplicationSceneManifest_Generation = YES;
				INFOPLIST_KEY_UIApplicationSupportsIndirectInputEvents = YES;
				INFOPLIST_KEY_UILaunchScreen_Generation = YES;
				INFOPLIST_KEY_UISupportedInterfaceOrientations_iPad = "UIInterfaceOrientationPortrait UIInterfaceOrientationPortraitUpsideDown UIInterfaceOrientationLandscapeLeft UIInterfaceOrientationLandscapeRight";
				INFOPLIST_KEY_UISupportedInterfaceOrientations_iPhone = "UIInterfaceOrientationPortrait UIInterfaceOrientationLandscapeLeft UIInterfaceOrientationLandscapeRight";
				LD_RUNPATH_SEARCH_PATHS = (
					"$(inherited)",
					"@executable_path/Frameworks",
				);
				MARKETING_VERSION = 1.0;
				PRODUCT_BUNDLE_IDENTIFIER = test.CICDTest;
				PRODUCT_NAME = "$(TARGET_NAME)";
				SWIFT_EMIT_LOC_STRINGS = YES;
				SWIFT_VERSION = 5.0;
				TARGETED_DEVICE_FAMILY = "1,2";
			};
			name = Debug;
		};
		FFC3CD1B2C5210980010756B /* Release */ = {
			isa = XCBuildConfiguration;
			baseConfigurationReference = F7BFFCBD5EB29D3292BB26D0 /* Pods-CICDTest.release.xcconfig */;
			buildSettings = {
				ASSETCATALOG_COMPILER_APPICON_NAME = AppIcon;
				ASSETCATALOG_COMPILER_GLOBAL_ACCENT_COLOR_NAME = AccentColor;
				CODE_SIGN_STYLE = Automatic;
				CURRENT_PROJECT_VERSION = 1;
				DEVELOPMENT_ASSET_PATHS = "\"CICDTest/Preview Content\"";
				ENABLE_PREVIEWS = YES;
				GENERATE_INFOPLIST_FILE = YES;
				INFOPLIST_KEY_UIApplicationSceneManifest_Generation = YES;
				INFOPLIST_KEY_UIApplicationSupportsIndirectInputEvents = YES;
				INFOPLIST_KEY_UILaunchScreen_Generation = YES;
				INFOPLIST_KEY_UISupportedInterfaceOrientations_iPad = "UIInterfaceOrientationPortrait UIInterfaceOrientationPortraitUpsideDown UIInterfaceOrientationLandscapeLeft UIInterfaceOrientationLandscapeRight";
				INFOPLIST_KEY_UISupportedInterfaceOrientations_iPhone = "UIInterfaceOrientationPortrait UIInterfaceOrientationLandscapeLeft UIInterfaceOrientationLandscapeRight";
				LD_RUNPATH_SEARCH_PATHS = (
					"$(inherited)",
					"@executable_path/Frameworks",
				);
				MARKETING_VERSION = 1.0;
				PRODUCT_BUNDLE_IDENTIFIER = test.CICDTest;
				PRODUCT_NAME = "$(TARGET_NAME)";
				SWIFT_EMIT_LOC_STRINGS = YES;
				SWIFT_VERSION = 5.0;
				TARGETED_DEVICE_FAMILY = "1,2";
			};
			name = Release;
		};
		FFC3CD1D2C5210980010756B /* Debug */ = {
			isa = XCBuildConfiguration;
			baseConfigurationReference = 02F3B1A6CA54CB1D2637A2AE /* Pods-CICDTestTests.debug.xcconfig */;
			buildSettings = {
				ALWAYS_EMBED_SWIFT_STANDARD_LIBRARIES = YES;
				BUNDLE_LOADER = "$(TEST_HOST)";
				CODE_SIGN_STYLE = Automatic;
				CURRENT_PROJECT_VERSION = 1;
				GENERATE_INFOPLIST_FILE = YES;
				IPHONEOS_DEPLOYMENT_TARGET = 17.2;
				MARKETING_VERSION = 1.0;
				PRODUCT_BUNDLE_IDENTIFIER = test.CICDTestTests;
				PRODUCT_NAME = "$(TARGET_NAME)";
				SWIFT_EMIT_LOC_STRINGS = NO;
				SWIFT_VERSION = 5.0;
				TARGETED_DEVICE_FAMILY = "1,2";
				TEST_HOST = "$(BUILT_PRODUCTS_DIR)/CICDTest.app/$(BUNDLE_EXECUTABLE_FOLDER_PATH)/CICDTest";
			};
			name = Debug;
		};
		FFC3CD1E2C5210980010756B /* Release */ = {
			isa = XCBuildConfiguration;
			baseConfigurationReference = 2D2EAF96DDCC2F32ABD5C2A6 /* Pods-CICDTestTests.release.xcconfig */;
			buildSettings = {
				ALWAYS_EMBED_SWIFT_STANDARD_LIBRARIES = YES;
				BUNDLE_LOADER = "$(TEST_HOST)";
				CODE_SIGN_STYLE = Automatic;
				CURRENT_PROJECT_VERSION = 1;
				GENERATE_INFOPLIST_FILE = YES;
				IPHONEOS_DEPLOYMENT_TARGET = 17.2;
				MARKETING_VERSION = 1.0;
				PRODUCT_BUNDLE_IDENTIFIER = test.CICDTestTests;
				PRODUCT_NAME = "$(TARGET_NAME)";
				SWIFT_EMIT_LOC_STRINGS = NO;
				SWIFT_VERSION = 5.0;
				TARGETED_DEVICE_FAMILY = "1,2";
				TEST_HOST = "$(BUILT_PRODUCTS_DIR)/CICDTest.app/$(BUNDLE_EXECUTABLE_FOLDER_PATH)/CICDTest";
			};
			name = Release;
		};
		FFC3CD202C5210980010756B /* Debug */ = {
			isa = XCBuildConfiguration;
			baseConfigurationReference = F416D5B666B94C3083F6BBF0 /* Pods-CICDTest-CICDTestUITests.debug.xcconfig */;
			buildSettings = {
				ALWAYS_EMBED_SWIFT_STANDARD_LIBRARIES = YES;
				CODE_SIGN_STYLE = Automatic;
				CURRENT_PROJECT_VERSION = 1;
				GENERATE_INFOPLIST_FILE = YES;
				MARKETING_VERSION = 1.0;
				PRODUCT_BUNDLE_IDENTIFIER = test.CICDTestUITests;
				PRODUCT_NAME = "$(TARGET_NAME)";
				SWIFT_EMIT_LOC_STRINGS = NO;
				SWIFT_VERSION = 5.0;
				TARGETED_DEVICE_FAMILY = "1,2";
				TEST_TARGET_NAME = CICDTest;
			};
			name = Debug;
		};
		FFC3CD212C5210980010756B /* Release */ = {
			isa = XCBuildConfiguration;
			baseConfigurationReference = 1435EB27B1AA6E731CBB082C /* Pods-CICDTest-CICDTestUITests.release.xcconfig */;
			buildSettings = {
				ALWAYS_EMBED_SWIFT_STANDARD_LIBRARIES = YES;
				CODE_SIGN_STYLE = Automatic;
				CURRENT_PROJECT_VERSION = 1;
				GENERATE_INFOPLIST_FILE = YES;
				MARKETING_VERSION = 1.0;
				PRODUCT_BUNDLE_IDENTIFIER = test.CICDTestUITests;
				PRODUCT_NAME = "$(TARGET_NAME)";
				SWIFT_EMIT_LOC_STRINGS = NO;
				SWIFT_VERSION = 5.0;
				TARGETED_DEVICE_FAMILY = "1,2";
				TEST_TARGET_NAME = CICDTest;
			};
			name = Release;
		};
/* End XCBuildConfiguration section */

/* Begin XCConfigurationList section */
		FFC3CCF02C5210950010756B /* Build configuration list for PBXProject "CICDTest" */ = {
			isa = XCConfigurationList;
			buildConfigurations = (
				FFC3CD172C5210980010756B /* Debug */,
				FFC3CD182C5210980010756B /* Release */,
			);
			defaultConfigurationIsVisible = 0;
			defaultConfigurationName = Release;
		};
		FFC3CD192C5210980010756B /* Build configuration list for PBXNativeTarget "CICDTest" */ = {
			isa = XCConfigurationList;
			buildConfigurations = (
				FFC3CD1A2C5210980010756B /* Debug */,
				FFC3CD1B2C5210980010756B /* Release */,
			);
			defaultConfigurationIsVisible = 0;
			defaultConfigurationName = Release;
		};
		FFC3CD1C2C5210980010756B /* Build configuration list for PBXNativeTarget "CICDTestTests" */ = {
			isa = XCConfigurationList;
			buildConfigurations = (
				FFC3CD1D2C5210980010756B /* Debug */,
				FFC3CD1E2C5210980010756B /* Release */,
			);
			defaultConfigurationIsVisible = 0;
			defaultConfigurationName = Release;
		};
		FFC3CD1F2C5210980010756B /* Build configuration list for PBXNativeTarget "CICDTestUITests" */ = {
			isa = XCConfigurationList;
			buildConfigurations = (
				FFC3CD202C5210980010756B /* Debug */,
				FFC3CD212C5210980010756B /* Release */,
			);
			defaultConfigurationIsVisible = 0;
			defaultConfigurationName = Release;
		};
/* End XCConfigurationList section */
	};
	rootObject = FFC3CCED2C5210950010756B /* Project object */;
}
