// !$*UTF8*$!
{
	archiveVersion = 1;
	classes = {
	};
	objectVersion = 56;
	objects = {

/* Begin PBXBuildFile section */
		FF7C62052C5232A2005D220E /* testContiDesApp.swift in Sources */ = {isa = PBXBuildFile; fileRef = FF7C62042C5232A2005D220E /* testContiDesApp.swift */; };
		FF7C62072C5232A2005D220E /* ContentView.swift in Sources */ = {isa = PBXBuildFile; fileRef = FF7C62062C5232A2005D220E /* ContentView.swift */; };
		FF7C62092C5232A3005D220E /* Assets.xcassets in Resources */ = {isa = PBXBuildFile; fileRef = FF7C62082C5232A3005D220E /* Assets.xcassets */; };
		FF7C620C2C5232A3005D220E /* Preview Assets.xcassets in Resources */ = {isa = PBXBuildFile; fileRef = FF7C620B2C5232A3005D220E /* Preview Assets.xcassets */; };
		FF7C62162C5232A3005D220E /* testContiDesTests.swift in Sources */ = {isa = PBXBuildFile; fileRef = FF7C62152C5232A3005D220E /* testContiDesTests.swift */; };
		FF7C62202C5232A3005D220E /* testContiDesUITests.swift in Sources */ = {isa = PBXBuildFile; fileRef = FF7C621F2C5232A3005D220E /* testContiDesUITests.swift */; };
		FF7C62222C5232A4005D220E /* testContiDesUITestsLaunchTests.swift in Sources */ = {isa = PBXBuildFile; fileRef = FF7C62212C5232A4005D220E /* testContiDesUITestsLaunchTests.swift */; };
		FF7C62302C5232F9005D220E /* AppCenterAnalytics in Frameworks */ = {isa = PBXBuildFile; productRef = FF7C622F2C5232F9005D220E /* AppCenterAnalytics */; };
		FF7C62322C5232F9005D220E /* AppCenterCrashes in Frameworks */ = {isa = PBXBuildFile; productRef = FF7C62312C5232F9005D220E /* AppCenterCrashes */; };
		FF7C62342C5232F9005D220E /* AppCenterDistribute in Frameworks */ = {isa = PBXBuildFile; productRef = FF7C62332C5232F9005D220E /* AppCenterDistribute */; };
/* End PBXBuildFile section */

/* Begin PBXContainerItemProxy section */
		FF7C62122C5232A3005D220E /* PBXContainerItemProxy */ = {
			isa = PBXContainerItemProxy;
			containerPortal = FF7C61F92C5232A2005D220E /* Project object */;
			proxyType = 1;
			remoteGlobalIDString = FF7C62002C5232A2005D220E;
			remoteInfo = testContiDes;
		};
		FF7C621C2C5232A3005D220E /* PBXContainerItemProxy */ = {
			isa = PBXContainerItemProxy;
			containerPortal = FF7C61F92C5232A2005D220E /* Project object */;
			proxyType = 1;
			remoteGlobalIDString = FF7C62002C5232A2005D220E;
			remoteInfo = testContiDes;
		};
/* End PBXContainerItemProxy section */

/* Begin PBXFileReference section */
		FF7C62012C5232A2005D220E /* testContiDes.app */ = {isa = PBXFileReference; explicitFileType = wrapper.application; includeInIndex = 0; path = testContiDes.app; sourceTree = BUILT_PRODUCTS_DIR; };
		FF7C62042C5232A2005D220E /* testContiDesApp.swift */ = {isa = PBXFileReference; lastKnownFileType = sourcecode.swift; path = testContiDesApp.swift; sourceTree = "<group>"; };
		FF7C62062C5232A2005D220E /* ContentView.swift */ = {isa = PBXFileReference; lastKnownFileType = sourcecode.swift; path = ContentView.swift; sourceTree = "<group>"; };
		FF7C62082C5232A3005D220E /* Assets.xcassets */ = {isa = PBXFileReference; lastKnownFileType = folder.assetcatalog; path = Assets.xcassets; sourceTree = "<group>"; };
		FF7C620B2C5232A3005D220E /* Preview Assets.xcassets */ = {isa = PBXFileReference; lastKnownFileType = folder.assetcatalog; path = "Preview Assets.xcassets"; sourceTree = "<group>"; };
		FF7C62112C5232A3005D220E /* testContiDesTests.xctest */ = {isa = PBXFileReference; explicitFileType = wrapper.cfbundle; includeInIndex = 0; path = testContiDesTests.xctest; sourceTree = BUILT_PRODUCTS_DIR; };
		FF7C62152C5232A3005D220E /* testContiDesTests.swift */ = {isa = PBXFileReference; lastKnownFileType = sourcecode.swift; path = testContiDesTests.swift; sourceTree = "<group>"; };
		FF7C621B2C5232A3005D220E /* testContiDesUITests.xctest */ = {isa = PBXFileReference; explicitFileType = wrapper.cfbundle; includeInIndex = 0; path = testContiDesUITests.xctest; sourceTree = BUILT_PRODUCTS_DIR; };
		FF7C621F2C5232A3005D220E /* testContiDesUITests.swift */ = {isa = PBXFileReference; lastKnownFileType = sourcecode.swift; path = testContiDesUITests.swift; sourceTree = "<group>"; };
		FF7C62212C5232A4005D220E /* testContiDesUITestsLaunchTests.swift */ = {isa = PBXFileReference; lastKnownFileType = sourcecode.swift; path = testContiDesUITestsLaunchTests.swift; sourceTree = "<group>"; };
/* End PBXFileReference section */

/* Begin PBXFrameworksBuildPhase section */
		FF7C61FE2C5232A2005D220E /* Frameworks */ = {
			isa = PBXFrameworksBuildPhase;
			buildActionMask = 2147483647;
			files = (
				FF7C62302C5232F9005D220E /* AppCenterAnalytics in Frameworks */,
				FF7C62322C5232F9005D220E /* AppCenterCrashes in Frameworks */,
				FF7C62342C5232F9005D220E /* AppCenterDistribute in Frameworks */,
			);
			runOnlyForDeploymentPostprocessing = 0;
		};
		FF7C620E2C5232A3005D220E /* Frameworks */ = {
			isa = PBXFrameworksBuildPhase;
			buildActionMask = 2147483647;
			files = (
			);
			runOnlyForDeploymentPostprocessing = 0;
		};
		FF7C62182C5232A3005D220E /* Frameworks */ = {
			isa = PBXFrameworksBuildPhase;
			buildActionMask = 2147483647;
			files = (
			);
			runOnlyForDeploymentPostprocessing = 0;
		};
/* End PBXFrameworksBuildPhase section */

/* Begin PBXGroup section */
		FF7C61F82C5232A2005D220E = {
			isa = PBXGroup;
			children = (
				FF7C62032C5232A2005D220E /* testContiDes */,
				FF7C62142C5232A3005D220E /* testContiDesTests */,
				FF7C621E2C5232A3005D220E /* testContiDesUITests */,
				FF7C62022C5232A2005D220E /* Products */,
			);
			sourceTree = "<group>";
		};
		FF7C62022C5232A2005D220E /* Products */ = {
			isa = PBXGroup;
			children = (
				FF7C62012C5232A2005D220E /* testContiDes.app */,
				FF7C62112C5232A3005D220E /* testContiDesTests.xctest */,
				FF7C621B2C5232A3005D220E /* testContiDesUITests.xctest */,
			);
			name = Products;
			sourceTree = "<group>";
		};
		FF7C62032C5232A2005D220E /* testContiDes */ = {
			isa = PBXGroup;
			children = (
				FF7C62042C5232A2005D220E /* testContiDesApp.swift */,
				FF7C62062C5232A2005D220E /* ContentView.swift */,
				FF7C62082C5232A3005D220E /* Assets.xcassets */,
				FF7C620A2C5232A3005D220E /* Preview Content */,
			);
			path = testContiDes;
			sourceTree = "<group>";
		};
		FF7C620A2C5232A3005D220E /* Preview Content */ = {
			isa = PBXGroup;
			children = (
				FF7C620B2C5232A3005D220E /* Preview Assets.xcassets */,
			);
			path = "Preview Content";
			sourceTree = "<group>";
		};
		FF7C62142C5232A3005D220E /* testContiDesTests */ = {
			isa = PBXGroup;
			children = (
				FF7C62152C5232A3005D220E /* testContiDesTests.swift */,
			);
			path = testContiDesTests;
			sourceTree = "<group>";
		};
		FF7C621E2C5232A3005D220E /* testContiDesUITests */ = {
			isa = PBXGroup;
			children = (
				FF7C621F2C5232A3005D220E /* testContiDesUITests.swift */,
				FF7C62212C5232A4005D220E /* testContiDesUITestsLaunchTests.swift */,
			);
			path = testContiDesUITests;
			sourceTree = "<group>";
		};
/* End PBXGroup section */

/* Begin PBXNativeTarget section */
		FF7C62002C5232A2005D220E /* testContiDes */ = {
			isa = PBXNativeTarget;
			buildConfigurationList = FF7C62252C5232A4005D220E /* Build configuration list for PBXNativeTarget "testContiDes" */;
			buildPhases = (
				FF7C61FD2C5232A2005D220E /* Sources */,
				FF7C61FE2C5232A2005D220E /* Frameworks */,
				FF7C61FF2C5232A2005D220E /* Resources */,
			);
			buildRules = (
			);
			dependencies = (
			);
			name = testContiDes;
			packageProductDependencies = (
				FF7C622F2C5232F9005D220E /* AppCenterAnalytics */,
				FF7C62312C5232F9005D220E /* AppCenterCrashes */,
				FF7C62332C5232F9005D220E /* AppCenterDistribute */,
			);
			productName = testContiDes;
			productReference = FF7C62012C5232A2005D220E /* testContiDes.app */;
			productType = "com.apple.product-type.application";
		};
		FF7C62102C5232A3005D220E /* testContiDesTests */ = {
			isa = PBXNativeTarget;
			buildConfigurationList = FF7C62282C5232A4005D220E /* Build configuration list for PBXNativeTarget "testContiDesTests" */;
			buildPhases = (
				FF7C620D2C5232A3005D220E /* Sources */,
				FF7C620E2C5232A3005D220E /* Frameworks */,
				FF7C620F2C5232A3005D220E /* Resources */,
			);
			buildRules = (
			);
			dependencies = (
				FF7C62132C5232A3005D220E /* PBXTargetDependency */,
			);
			name = testContiDesTests;
			productName = testContiDesTests;
			productReference = FF7C62112C5232A3005D220E /* testContiDesTests.xctest */;
			productType = "com.apple.product-type.bundle.unit-test";
		};
		FF7C621A2C5232A3005D220E /* testContiDesUITests */ = {
			isa = PBXNativeTarget;
			buildConfigurationList = FF7C622B2C5232A4005D220E /* Build configuration list for PBXNativeTarget "testContiDesUITests" */;
			buildPhases = (
				FF7C62172C5232A3005D220E /* Sources */,
				FF7C62182C5232A3005D220E /* Frameworks */,
				FF7C62192C5232A3005D220E /* Resources */,
			);
			buildRules = (
			);
			dependencies = (
				FF7C621D2C5232A3005D220E /* PBXTargetDependency */,
			);
			name = testContiDesUITests;
			productName = testContiDesUITests;
			productReference = FF7C621B2C5232A3005D220E /* testContiDesUITests.xctest */;
			productType = "com.apple.product-type.bundle.ui-testing";
		};
/* End PBXNativeTarget section */

/* Begin PBXProject section */
		FF7C61F92C5232A2005D220E /* Project object */ = {
			isa = PBXProject;
			attributes = {
				BuildIndependentTargetsInParallel = 1;
				LastSwiftUpdateCheck = 1520;
				LastUpgradeCheck = 1520;
				TargetAttributes = {
					FF7C62002C5232A2005D220E = {
						CreatedOnToolsVersion = 15.2;
					};
					FF7C62102C5232A3005D220E = {
						CreatedOnToolsVersion = 15.2;
						TestTargetID = FF7C62002C5232A2005D220E;
					};
					FF7C621A2C5232A3005D220E = {
						CreatedOnToolsVersion = 15.2;
						TestTargetID = FF7C62002C5232A2005D220E;
					};
				};
			};
			buildConfigurationList = FF7C61FC2C5232A2005D220E /* Build configuration list for PBXProject "testContiDes" */;
			compatibilityVersion = "Xcode 14.0";
			developmentRegion = en;
			hasScannedForEncodings = 0;
			knownRegions = (
				en,
				Base,
			);
			mainGroup = FF7C61F82C5232A2005D220E;
			packageReferences = (
				FF7C622E2C5232F9005D220E /* XCRemoteSwiftPackageReference "appcenter-sdk-apple" */,
			);
			productRefGroup = FF7C62022C5232A2005D220E /* Products */;
			projectDirPath = "";
			projectRoot = "";
			targets = (
				FF7C62002C5232A2005D220E /* testContiDes */,
				FF7C62102C5232A3005D220E /* testContiDesTests */,
				FF7C621A2C5232A3005D220E /* testContiDesUITests */,
			);
		};
/* End PBXProject section */

/* Begin PBXResourcesBuildPhase section */
		FF7C61FF2C5232A2005D220E /* Resources */ = {
			isa = PBXResourcesBuildPhase;
			buildActionMask = 2147483647;
			files = (
				FF7C620C2C5232A3005D220E /* Preview Assets.xcassets in Resources */,
				FF7C62092C5232A3005D220E /* Assets.xcassets in Resources */,
			);
			runOnlyForDeploymentPostprocessing = 0;
		};
		FF7C620F2C5232A3005D220E /* Resources */ = {
			isa = PBXResourcesBuildPhase;
			buildActionMask = 2147483647;
			files = (
			);
			runOnlyForDeploymentPostprocessing = 0;
		};
		FF7C62192C5232A3005D220E /* Resources */ = {
			isa = PBXResourcesBuildPhase;
			buildActionMask = 2147483647;
			files = (
			);
			runOnlyForDeploymentPostprocessing = 0;
		};
/* End PBXResourcesBuildPhase section */

/* Begin PBXSourcesBuildPhase section */
		FF7C61FD2C5232A2005D220E /* Sources */ = {
			isa = PBXSourcesBuildPhase;
			buildActionMask = 2147483647;
			files = (
				FF7C62072C5232A2005D220E /* ContentView.swift in Sources */,
				FF7C62052C5232A2005D220E /* testContiDesApp.swift in Sources */,
			);
			runOnlyForDeploymentPostprocessing = 0;
		};
		FF7C620D2C5232A3005D220E /* Sources */ = {
			isa = PBXSourcesBuildPhase;
			buildActionMask = 2147483647;
			files = (
				FF7C62162C5232A3005D220E /* testContiDesTests.swift in Sources */,
			);
			runOnlyForDeploymentPostprocessing = 0;
		};
		FF7C62172C5232A3005D220E /* Sources */ = {
			isa = PBXSourcesBuildPhase;
			buildActionMask = 2147483647;
			files = (
				FF7C62202C5232A3005D220E /* testContiDesUITests.swift in Sources */,
				FF7C62222C5232A4005D220E /* testContiDesUITestsLaunchTests.swift in Sources */,
			);
			runOnlyForDeploymentPostprocessing = 0;
		};
/* End PBXSourcesBuildPhase section */

/* Begin PBXTargetDependency section */
		FF7C62132C5232A3005D220E /* PBXTargetDependency */ = {
			isa = PBXTargetDependency;
			target = FF7C62002C5232A2005D220E /* testContiDes */;
			targetProxy = FF7C62122C5232A3005D220E /* PBXContainerItemProxy */;
		};
		FF7C621D2C5232A3005D220E /* PBXTargetDependency */ = {
			isa = PBXTargetDependency;
			target = FF7C62002C5232A2005D220E /* testContiDes */;
			targetProxy = FF7C621C2C5232A3005D220E /* PBXContainerItemProxy */;
		};
/* End PBXTargetDependency section */

/* Begin XCBuildConfiguration section */
		FF7C62232C5232A4005D220E /* Debug */ = {
			isa = XCBuildConfiguration;
			buildSettings = {
				ALWAYS_SEARCH_USER_PATHS = NO;
				ASSETCATALOG_COMPILER_GENERATE_SWIFT_ASSET_SYMBOL_EXTENSIONS = YES;
				CLANG_ANALYZER_NONNULL = YES;
				CLANG_ANALYZER_NUMBER_OBJECT_CONVERSION = YES_AGGRESSIVE;
				CLANG_CXX_LANGUAGE_STANDARD = "gnu++20";
				CLANG_ENABLE_MODULES = YES;
				CLANG_ENABLE_OBJC_ARC = YES;
				CLANG_ENABLE_OBJC_WEAK = YES;
				CLANG_WARN_BLOCK_CAPTURE_AUTORELEASING = YES;
				CLANG_WARN_BOOL_CONVERSION = YES;
				CLANG_WARN_COMMA = YES;
				CLANG_WARN_CONSTANT_CONVERSION = YES;
				CLANG_WARN_DEPRECATED_OBJC_IMPLEMENTATIONS = YES;
				CLANG_WARN_DIRECT_OBJC_ISA_USAGE = YES_ERROR;
				CLANG_WARN_DOCUMENTATION_COMMENTS = YES;
				CLANG_WARN_EMPTY_BODY = YES;
				CLANG_WARN_ENUM_CONVERSION = YES;
				CLANG_WARN_INFINITE_RECURSION = YES;
				CLANG_WARN_INT_CONVERSION = YES;
				CLANG_WARN_NON_LITERAL_NULL_CONVERSION = YES;
				CLANG_WARN_OBJC_IMPLICIT_RETAIN_SELF = YES;
				CLANG_WARN_OBJC_LITERAL_CONVERSION = YES;
				CLANG_WARN_OBJC_ROOT_CLASS = YES_ERROR;
				CLANG_WARN_QUOTED_INCLUDE_IN_FRAMEWORK_HEADER = YES;
				CLANG_WARN_RANGE_LOOP_ANALYSIS = YES;
				CLANG_WARN_STRICT_PROTOTYPES = YES;
				CLANG_WARN_SUSPICIOUS_MOVE = YES;
				CLANG_WARN_UNGUARDED_AVAILABILITY = YES_AGGRESSIVE;
				CLANG_WARN_UNREACHABLE_CODE = YES;
				CLANG_WARN__DUPLICATE_METHOD_MATCH = YES;
				COPY_PHASE_STRIP = NO;
				DEBUG_INFORMATION_FORMAT = dwarf;
				ENABLE_STRICT_OBJC_MSGSEND = YES;
				ENABLE_TESTABILITY = YES;
				ENABLE_USER_SCRIPT_SANDBOXING = YES;
				GCC_C_LANGUAGE_STANDARD = gnu17;
				GCC_DYNAMIC_NO_PIC = NO;
				GCC_NO_COMMON_BLOCKS = YES;
				GCC_OPTIMIZATION_LEVEL = 0;
				GCC_PREPROCESSOR_DEFINITIONS = (
					"DEBUG=1",
					"$(inherited)",
				);
				GCC_WARN_64_TO_32_BIT_CONVERSION = YES;
				GCC_WARN_ABOUT_RETURN_TYPE = YES_ERROR;
				GCC_WARN_UNDECLARED_SELECTOR = YES;
				GCC_WARN_UNINITIALIZED_AUTOS = YES_AGGRESSIVE;
				GCC_WARN_UNUSED_FUNCTION = YES;
				GCC_WARN_UNUSED_VARIABLE = YES;
				IPHONEOS_DEPLOYMENT_TARGET = 17.2;
				LOCALIZATION_PREFERS_STRING_CATALOGS = YES;
				MTL_ENABLE_DEBUG_INFO = INCLUDE_SOURCE;
				MTL_FAST_MATH = YES;
				ONLY_ACTIVE_ARCH = YES;
				SDKROOT = iphoneos;
				SWIFT_ACTIVE_COMPILATION_CONDITIONS = "DEBUG $(inherited)";
				SWIFT_OPTIMIZATION_LEVEL = "-Onone";
			};
			name = Debug;
		};
		FF7C62242C5232A4005D220E /* Release */ = {
			isa = XCBuildConfiguration;
			buildSettings = {
				ALWAYS_SEARCH_USER_PATHS = NO;
				ASSETCATALOG_COMPILER_GENERATE_SWIFT_ASSET_SYMBOL_EXTENSIONS = YES;
				CLANG_ANALYZER_NONNULL = YES;
				CLANG_ANALYZER_NUMBER_OBJECT_CONVERSION = YES_AGGRESSIVE;
				CLANG_CXX_LANGUAGE_STANDARD = "gnu++20";
				CLANG_ENABLE_MODULES = YES;
				CLANG_ENABLE_OBJC_ARC = YES;
				CLANG_ENABLE_OBJC_WEAK = YES;
				CLANG_WARN_BLOCK_CAPTURE_AUTORELEASING = YES;
				CLANG_WARN_BOOL_CONVERSION = YES;
				CLANG_WARN_COMMA = YES;
				CLANG_WARN_CONSTANT_CONVERSION = YES;
				CLANG_WARN_DEPRECATED_OBJC_IMPLEMENTATIONS = YES;
				CLANG_WARN_DIRECT_OBJC_ISA_USAGE = YES_ERROR;
				CLANG_WARN_DOCUMENTATION_COMMENTS = YES;
				CLANG_WARN_EMPTY_BODY = YES;
				CLANG_WARN_ENUM_CONVERSION = YES;
				CLANG_WARN_INFINITE_RECURSION = YES;
				CLANG_WARN_INT_CONVERSION = YES;
				CLANG_WARN_NON_LITERAL_NULL_CONVERSION = YES;
				CLANG_WARN_OBJC_IMPLICIT_RETAIN_SELF = YES;
				CLANG_WARN_OBJC_LITERAL_CONVERSION = YES;
				CLANG_WARN_OBJC_ROOT_CLASS = YES_ERROR;
				CLANG_WARN_QUOTED_INCLUDE_IN_FRAMEWORK_HEADER = YES;
				CLANG_WARN_RANGE_LOOP_ANALYSIS = YES;
				CLANG_WARN_STRICT_PROTOTYPES = YES;
				CLANG_WARN_SUSPICIOUS_MOVE = YES;
				CLANG_WARN_UNGUARDED_AVAILABILITY = YES_AGGRESSIVE;
				CLANG_WARN_UNREACHABLE_CODE = YES;
				CLANG_WARN__DUPLICATE_METHOD_MATCH = YES;
				COPY_PHASE_STRIP = NO;
				DEBUG_INFORMATION_FORMAT = "dwarf-with-dsym";
				ENABLE_NS_ASSERTIONS = NO;
				ENABLE_STRICT_OBJC_MSGSEND = YES;
				ENABLE_USER_SCRIPT_SANDBOXING = YES;
				GCC_C_LANGUAGE_STANDARD = gnu17;
				GCC_NO_COMMON_BLOCKS = YES;
				GCC_WARN_64_TO_32_BIT_CONVERSION = YES;
				GCC_WARN_ABOUT_RETURN_TYPE = YES_ERROR;
				GCC_WARN_UNDECLARED_SELECTOR = YES;
				GCC_WARN_UNINITIALIZED_AUTOS = YES_AGGRESSIVE;
				GCC_WARN_UNUSED_FUNCTION = YES;
				GCC_WARN_UNUSED_VARIABLE = YES;
				IPHONEOS_DEPLOYMENT_TARGET = 17.2;
				LOCALIZATION_PREFERS_STRING_CATALOGS = YES;
				MTL_ENABLE_DEBUG_INFO = NO;
				MTL_FAST_MATH = YES;
				SDKROOT = iphoneos;
				SWIFT_COMPILATION_MODE = wholemodule;
				VALIDATE_PRODUCT = YES;
			};
			name = Release;
		};
		FF7C62262C5232A4005D220E /* Debug */ = {
			isa = XCBuildConfiguration;
			buildSettings = {
				ASSETCATALOG_COMPILER_APPICON_NAME = AppIcon;
				ASSETCATALOG_COMPILER_GLOBAL_ACCENT_COLOR_NAME = AccentColor;
				CODE_SIGN_STYLE = Automatic;
				CURRENT_PROJECT_VERSION = 1;
				DEVELOPMENT_ASSET_PATHS = "\"testContiDes/Preview Content\"";
				ENABLE_PREVIEWS = YES;
				GENERATE_INFOPLIST_FILE = YES;
				INFOPLIST_KEY_UIApplicationSceneManifest_Generation = YES;
				INFOPLIST_KEY_UIApplicationSupportsIndirectInputEvents = YES;
				INFOPLIST_KEY_UILaunchScreen_Generation = YES;
				INFOPLIST_KEY_UISupportedInterfaceOrientations_iPad = "UIInterfaceOrientationPortrait UIInterfaceOrientationPortraitUpsideDown UIInterfaceOrientationLandscapeLeft UIInterfaceOrientationLandscapeRight";
				INFOPLIST_KEY_UISupportedInterfaceOrientations_iPhone = "UIInterfaceOrientationPortrait UIInterfaceOrientationLandscapeLeft UIInterfaceOrientationLandscapeRight";
				LD_RUNPATH_SEARCH_PATHS = (
					"$(inherited)",
					"@executable_path/Frameworks",
				);
				MARKETING_VERSION = 1.0;
				PRODUCT_BUNDLE_IDENTIFIER = test.testContiDes;
				PRODUCT_NAME = "$(TARGET_NAME)";
				SWIFT_EMIT_LOC_STRINGS = YES;
				SWIFT_VERSION = 5.0;
				TARGETED_DEVICE_FAMILY = "1,2";
			};
			name = Debug;
		};
		FF7C62272C5232A4005D220E /* Release */ = {
			isa = XCBuildConfiguration;
			buildSettings = {
				ASSETCATALOG_COMPILER_APPICON_NAME = AppIcon;
				ASSETCATALOG_COMPILER_GLOBAL_ACCENT_COLOR_NAME = AccentColor;
				CODE_SIGN_STYLE = Automatic;
				CURRENT_PROJECT_VERSION = 1;
				DEVELOPMENT_ASSET_PATHS = "\"testContiDes/Preview Content\"";
				ENABLE_PREVIEWS = YES;
				GENERATE_INFOPLIST_FILE = YES;
				INFOPLIST_KEY_UIApplicationSceneManifest_Generation = YES;
				INFOPLIST_KEY_UIApplicationSupportsIndirectInputEvents = YES;
				INFOPLIST_KEY_UILaunchScreen_Generation = YES;
				INFOPLIST_KEY_UISupportedInterfaceOrientations_iPad = "UIInterfaceOrientationPortrait UIInterfaceOrientationPortraitUpsideDown UIInterfaceOrientationLandscapeLeft UIInterfaceOrientationLandscapeRight";
				INFOPLIST_KEY_UISupportedInterfaceOrientations_iPhone = "UIInterfaceOrientationPortrait UIInterfaceOrientationLandscapeLeft UIInterfaceOrientationLandscapeRight";
				LD_RUNPATH_SEARCH_PATHS = (
					"$(inherited)",
					"@executable_path/Frameworks",
				);
				MARKETING_VERSION = 1.0;
				PRODUCT_BUNDLE_IDENTIFIER = test.testContiDes;
				PRODUCT_NAME = "$(TARGET_NAME)";
				SWIFT_EMIT_LOC_STRINGS = YES;
				SWIFT_VERSION = 5.0;
				TARGETED_DEVICE_FAMILY = "1,2";
			};
			name = Release;
		};
		FF7C62292C5232A4005D220E /* Debug */ = {
			isa = XCBuildConfiguration;
			buildSettings = {
				ALWAYS_EMBED_SWIFT_STANDARD_LIBRARIES = YES;
				BUNDLE_LOADER = "$(TEST_HOST)";
				CODE_SIGN_STYLE = Automatic;
				CURRENT_PROJECT_VERSION = 1;
				GENERATE_INFOPLIST_FILE = YES;
				IPHONEOS_DEPLOYMENT_TARGET = 17.2;
				MARKETING_VERSION = 1.0;
				PRODUCT_BUNDLE_IDENTIFIER = test.testContiDesTests;
				PRODUCT_NAME = "$(TARGET_NAME)";
				SWIFT_EMIT_LOC_STRINGS = NO;
				SWIFT_VERSION = 5.0;
				TARGETED_DEVICE_FAMILY = "1,2";
				TEST_HOST = "$(BUILT_PRODUCTS_DIR)/testContiDes.app/$(BUNDLE_EXECUTABLE_FOLDER_PATH)/testContiDes";
			};
			name = Debug;
		};
		FF7C622A2C5232A4005D220E /* Release */ = {
			isa = XCBuildConfiguration;
			buildSettings = {
				ALWAYS_EMBED_SWIFT_STANDARD_LIBRARIES = YES;
				BUNDLE_LOADER = "$(TEST_HOST)";
				CODE_SIGN_STYLE = Automatic;
				CURRENT_PROJECT_VERSION = 1;
				GENERATE_INFOPLIST_FILE = YES;
				IPHONEOS_DEPLOYMENT_TARGET = 17.2;
				MARKETING_VERSION = 1.0;
				PRODUCT_BUNDLE_IDENTIFIER = test.testContiDesTests;
				PRODUCT_NAME = "$(TARGET_NAME)";
				SWIFT_EMIT_LOC_STRINGS = NO;
				SWIFT_VERSION = 5.0;
				TARGETED_DEVICE_FAMILY = "1,2";
				TEST_HOST = "$(BUILT_PRODUCTS_DIR)/testContiDes.app/$(BUNDLE_EXECUTABLE_FOLDER_PATH)/testContiDes";
			};
			name = Release;
		};
		FF7C622C2C5232A4005D220E /* Debug */ = {
			isa = XCBuildConfiguration;
			buildSettings = {
				ALWAYS_EMBED_SWIFT_STANDARD_LIBRARIES = YES;
				CODE_SIGN_STYLE = Automatic;
				CURRENT_PROJECT_VERSION = 1;
				GENERATE_INFOPLIST_FILE = YES;
				MARKETING_VERSION = 1.0;
				PRODUCT_BUNDLE_IDENTIFIER = test.testContiDesUITests;
				PRODUCT_NAME = "$(TARGET_NAME)";
				SWIFT_EMIT_LOC_STRINGS = NO;
				SWIFT_VERSION = 5.0;
				TARGETED_DEVICE_FAMILY = "1,2";
				TEST_TARGET_NAME = testContiDes;
			};
			name = Debug;
		};
		FF7C622D2C5232A4005D220E /* Release */ = {
			isa = XCBuildConfiguration;
			buildSettings = {
				ALWAYS_EMBED_SWIFT_STANDARD_LIBRARIES = YES;
				CODE_SIGN_STYLE = Automatic;
				CURRENT_PROJECT_VERSION = 1;
				GENERATE_INFOPLIST_FILE = YES;
				MARKETING_VERSION = 1.0;
				PRODUCT_BUNDLE_IDENTIFIER = test.testContiDesUITests;
				PRODUCT_NAME = "$(TARGET_NAME)";
				SWIFT_EMIT_LOC_STRINGS = NO;
				SWIFT_VERSION = 5.0;
				TARGETED_DEVICE_FAMILY = "1,2";
				TEST_TARGET_NAME = testContiDes;
			};
			name = Release;
		};
/* End XCBuildConfiguration section */

/* Begin XCConfigurationList section */
		FF7C61FC2C5232A2005D220E /* Build configuration list for PBXProject "testContiDes" */ = {
			isa = XCConfigurationList;
			buildConfigurations = (
				FF7C62232C5232A4005D220E /* Debug */,
				FF7C62242C5232A4005D220E /* Release */,
			);
			defaultConfigurationIsVisible = 0;
			defaultConfigurationName = Release;
		};
		FF7C62252C5232A4005D220E /* Build configuration list for PBXNativeTarget "testContiDes" */ = {
			isa = XCConfigurationList;
			buildConfigurations = (
				FF7C62262C5232A4005D220E /* Debug */,
				FF7C62272C5232A4005D220E /* Release */,
			);
			defaultConfigurationIsVisible = 0;
			defaultConfigurationName = Release;
		};
		FF7C62282C5232A4005D220E /* Build configuration list for PBXNativeTarget "testContiDesTests" */ = {
			isa = XCConfigurationList;
			buildConfigurations = (
				FF7C62292C5232A4005D220E /* Debug */,
				FF7C622A2C5232A4005D220E /* Release */,
			);
			defaultConfigurationIsVisible = 0;
			defaultConfigurationName = Release;
		};
		FF7C622B2C5232A4005D220E /* Build configuration list for PBXNativeTarget "testContiDesUITests" */ = {
			isa = XCConfigurationList;
			buildConfigurations = (
				FF7C622C2C5232A4005D220E /* Debug */,
				FF7C622D2C5232A4005D220E /* Release */,
			);
			defaultConfigurationIsVisible = 0;
			defaultConfigurationName = Release;
		};
/* End XCConfigurationList section */

/* Begin XCRemoteSwiftPackageReference section */
		FF7C622E2C5232F9005D220E /* XCRemoteSwiftPackageReference "appcenter-sdk-apple" */ = {
			isa = XCRemoteSwiftPackageReference;
			repositoryURL = "https://github.com/microsoft/appcenter-sdk-apple";
			requirement = {
				kind = upToNextMajorVersion;
				minimumVersion = 5.0.5;
			};
		};
/* End XCRemoteSwiftPackageReference section */

/* Begin XCSwiftPackageProductDependency section */
		FF7C622F2C5232F9005D220E /* AppCenterAnalytics */ = {
			isa = XCSwiftPackageProductDependency;
			package = FF7C622E2C5232F9005D220E /* XCRemoteSwiftPackageReference "appcenter-sdk-apple" */;
			productName = AppCenterAnalytics;
		};
		FF7C62312C5232F9005D220E /* AppCenterCrashes */ = {
			isa = XCSwiftPackageProductDependency;
			package = FF7C622E2C5232F9005D220E /* XCRemoteSwiftPackageReference "appcenter-sdk-apple" */;
			productName = AppCenterCrashes;
		};
		FF7C62332C5232F9005D220E /* AppCenterDistribute */ = {
			isa = XCSwiftPackageProductDependency;
			package = FF7C622E2C5232F9005D220E /* XCRemoteSwiftPackageReference "appcenter-sdk-apple" */;
			productName = AppCenterDistribute;
		};
/* End XCSwiftPackageProductDependency section */
	};
	rootObject = FF7C61F92C5232A2005D220E /* Project object */;
}
